
Microsoft Visual Studio Solution File, Format Version 12.00
# Visual Studio Version 17
VisualStudioVersion = 17.9.34723.18
MinimumVisualStudioVersion = 10.0.40219.1
Project("{9A19103F-16F7-4668-BE54-9A1E7A4F7556}") = "SemanticQuantity", "SemanticQuantity\SemanticQuantity.csproj", "{C983853D-B706-48A1-8097-12F1EA48F5F1}"
EndProject
Project("{FAE04EC0-301F-11D3-BF4B-00C04F79EFBC}") = "SemanticQuantity.Test", "SemanticQuantity.Test\SemanticQuantity.Test.csproj", "{6CABC600-6925-408B-AEAE-F353DC1BF247}"
EndProject
Global
	GlobalSection(SolutionConfigurationPlatforms) = preSolution
		Debug|Any CPU = Debug|Any CPU
		Release|Any CPU = Release|Any CPU
	EndGlobalSection
	GlobalSection(ProjectConfigurationPlatforms) = postSolution
		{C983853D-B706-48A1-8097-12F1EA48F5F1}.Debug|Any CPU.ActiveCfg = Debug|Any CPU
		{C983853D-B706-48A1-8097-12F1EA48F5F1}.Debug|Any CPU.Build.0 = Debug|Any CPU
		{C983853D-B706-48A1-8097-12F1EA48F5F1}.Release|Any CPU.ActiveCfg = Release|Any CPU
		{C983853D-B706-48A1-8097-12F1EA48F5F1}.Release|Any CPU.Build.0 = Release|Any CPU
		{6CABC600-6925-408B-AEAE-F353DC1BF247}.Debug|Any CPU.ActiveCfg = Debug|Any CPU
		{6CABC600-6925-408B-AEAE-F353DC1BF247}.Debug|Any CPU.Build.0 = Debug|Any CPU
		{6CABC600-6925-408B-AEAE-F353DC1BF247}.Release|Any CPU.ActiveCfg = Release|Any CPU
		{6CABC600-6925-408B-AEAE-F353DC1BF247}.Release|Any CPU.Build.0 = Release|Any CPU
	EndGlobalSection
	GlobalSection(SolutionProperties) = preSolution
		HideSolutionNode = FALSE
	EndGlobalSection
	GlobalSection(ExtensibilityGlobals) = postSolution
		SolutionGuid = {4A2F9F34-2F48-4D03-9D9E-4E164AACD9E8}
	EndGlobalSection
EndGlobal
